
Microsoft Visual Studio Solution File, Format Version 12.00
# Visual Studio Version 17
VisualStudioVersion = 17.2.32526.322
MinimumVisualStudioVersion = 10.0.40219.1
Project("{FAE04EC0-301F-11D3-BF4B-00C04F79EFBC}") = "QLBAIGUIXE", "QLBAIGUIXE\QLBAIGUIXE.csproj", "{0731060B-E3CA-46E9-8ED5-4060EB766A59}"
EndProject
Global
	GlobalSection(SolutionConfigurationPlatforms) = preSolution
		Debug|Any CPU = Debug|Any CPU
		Release|Any CPU = Release|Any CPU
	EndGlobalSection
	GlobalSection(ProjectConfigurationPlatforms) = postSolution
		{0731060B-E3CA-46E9-8ED5-4060EB766A59}.Debug|Any CPU.ActiveCfg = Debug|Any CPU
		{0731060B-E3CA-46E9-8ED5-4060EB766A59}.Debug|Any CPU.Build.0 = Debug|Any CPU
		{0731060B-E3CA-46E9-8ED5-4060EB766A59}.Release|Any CPU.ActiveCfg = Release|Any CPU
		{0731060B-E3CA-46E9-8ED5-4060EB766A59}.Release|Any CPU.Build.0 = Release|Any CPU
	EndGlobalSection
	GlobalSection(SolutionProperties) = preSolution
		HideSolutionNode = FALSE
	EndGlobalSection
	GlobalSection(ExtensibilityGlobals) = postSolution
		SolutionGuid = {17B3ED9C-9127-4487-9B9F-AE475F70EE48}
	EndGlobalSection
EndGlobal
